// !$*UTF8*$!
{
	archiveVersion = 1;
	classes = {
	};
	objectVersion = 50;
	objects = {

/* Begin PBXBuildFile section */
		4F48B17D1887EA9031F51912 /* Pods_DHCCancer.framework in Frameworks */ = {isa = PBXBuildFile; fileRef = C5955B669A6395C4BEEBDF19 /* Pods_DHCCancer.framework */; };
		70859B7B235B168800628DFC /* AppDelegate.swift in Sources */ = {isa = PBXBuildFile; fileRef = 70859B7A235B168800628DFC /* AppDelegate.swift */; };
		70859B84235B168900628DFC /* Assets.xcassets in Resources */ = {isa = PBXBuildFile; fileRef = 70859B83235B168900628DFC /* Assets.xcassets */; };
		70859B87235B168900628DFC /* LaunchScreen.storyboard in Resources */ = {isa = PBXBuildFile; fileRef = 70859B85235B168900628DFC /* LaunchScreen.storyboard */; };
		70859B90235B1C9600628DFC /* AppDelegate.swift in Sources */ = {isa = PBXBuildFile; fileRef = 70859B7A235B168800628DFC /* AppDelegate.swift */; };
		70859B93235B1C9600628DFC /* LaunchScreen.storyboard in Resources */ = {isa = PBXBuildFile; fileRef = 70859B85235B168900628DFC /* LaunchScreen.storyboard */; };
		70859B94235B1C9600628DFC /* Assets.xcassets in Resources */ = {isa = PBXBuildFile; fileRef = 70859B83235B168900628DFC /* Assets.xcassets */; };
		CBCFCAF47715C675F6AA3FF4 /* Pods_DHCCancer_mock.framework in Frameworks */ = {isa = PBXBuildFile; fileRef = AFBF877A516CB8CE808F1BE3 /* Pods_DHCCancer_mock.framework */; };
/* End PBXBuildFile section */

/* Begin PBXFileReference section */
		0CDBEBE5276D6DB6CEFD85F6 /* Pods-DHCCancer-mock.debug.xcconfig */ = {isa = PBXFileReference; includeInIndex = 1; lastKnownFileType = text.xcconfig; name = "Pods-DHCCancer-mock.debug.xcconfig"; path = "Target Support Files/Pods-DHCCancer-mock/Pods-DHCCancer-mock.debug.xcconfig"; sourceTree = "<group>"; };
		5F0FE5E8A488E521DF464F4D /* Pods-DHCCancer.release.xcconfig */ = {isa = PBXFileReference; includeInIndex = 1; lastKnownFileType = text.xcconfig; name = "Pods-DHCCancer.release.xcconfig"; path = "Target Support Files/Pods-DHCCancer/Pods-DHCCancer.release.xcconfig"; sourceTree = "<group>"; };
		70859B77235B168800628DFC /* DHCCancer.app */ = {isa = PBXFileReference; explicitFileType = wrapper.application; includeInIndex = 0; path = DHCCancer.app; sourceTree = BUILT_PRODUCTS_DIR; };
		70859B7A235B168800628DFC /* AppDelegate.swift */ = {isa = PBXFileReference; lastKnownFileType = sourcecode.swift; path = AppDelegate.swift; sourceTree = "<group>"; };
		70859B83235B168900628DFC /* Assets.xcassets */ = {isa = PBXFileReference; lastKnownFileType = folder.assetcatalog; path = Assets.xcassets; sourceTree = "<group>"; };
		70859B86235B168900628DFC /* Base */ = {isa = PBXFileReference; lastKnownFileType = file.storyboard; name = Base; path = Base.lproj/LaunchScreen.storyboard; sourceTree = "<group>"; };
		70859B88235B168900628DFC /* Info.plist */ = {isa = PBXFileReference; lastKnownFileType = text.plist.xml; path = Info.plist; sourceTree = "<group>"; };
		70859B98235B1C9600628DFC /* DHCCancer-mock.app */ = {isa = PBXFileReference; explicitFileType = wrapper.application; includeInIndex = 0; path = "DHCCancer-mock.app"; sourceTree = BUILT_PRODUCTS_DIR; };
		7C2DA47C687ED737044C633A /* Pods-DHCCancer-mock.release.xcconfig */ = {isa = PBXFileReference; includeInIndex = 1; lastKnownFileType = text.xcconfig; name = "Pods-DHCCancer-mock.release.xcconfig"; path = "Target Support Files/Pods-DHCCancer-mock/Pods-DHCCancer-mock.release.xcconfig"; sourceTree = "<group>"; };
		AFBF877A516CB8CE808F1BE3 /* Pods_DHCCancer_mock.framework */ = {isa = PBXFileReference; explicitFileType = wrapper.framework; includeInIndex = 0; path = Pods_DHCCancer_mock.framework; sourceTree = BUILT_PRODUCTS_DIR; };
		C5955B669A6395C4BEEBDF19 /* Pods_DHCCancer.framework */ = {isa = PBXFileReference; explicitFileType = wrapper.framework; includeInIndex = 0; path = Pods_DHCCancer.framework; sourceTree = BUILT_PRODUCTS_DIR; };
		EAB5995B3BB3C51684048EAC /* Pods-DHCCancer.debug.xcconfig */ = {isa = PBXFileReference; includeInIndex = 1; lastKnownFileType = text.xcconfig; name = "Pods-DHCCancer.debug.xcconfig"; path = "Target Support Files/Pods-DHCCancer/Pods-DHCCancer.debug.xcconfig"; sourceTree = "<group>"; };
/* End PBXFileReference section */

/* Begin PBXFrameworksBuildPhase section */
		70859B74235B168800628DFC /* Frameworks */ = {
			isa = PBXFrameworksBuildPhase;
			buildActionMask = 2147483647;
			files = (
				4F48B17D1887EA9031F51912 /* Pods_DHCCancer.framework in Frameworks */,
			);
			runOnlyForDeploymentPostprocessing = 0;
		};
		70859B91235B1C9600628DFC /* Frameworks */ = {
			isa = PBXFrameworksBuildPhase;
			buildActionMask = 2147483647;
			files = (
				CBCFCAF47715C675F6AA3FF4 /* Pods_DHCCancer_mock.framework in Frameworks */,
			);
			runOnlyForDeploymentPostprocessing = 0;
		};
/* End PBXFrameworksBuildPhase section */

/* Begin PBXGroup section */
		61D4FF6FD8DA958B8C6F4EB2 /* Pods */ = {
			isa = PBXGroup;
			children = (
				EAB5995B3BB3C51684048EAC /* Pods-DHCCancer.debug.xcconfig */,
				5F0FE5E8A488E521DF464F4D /* Pods-DHCCancer.release.xcconfig */,
				0CDBEBE5276D6DB6CEFD85F6 /* Pods-DHCCancer-mock.debug.xcconfig */,
				7C2DA47C687ED737044C633A /* Pods-DHCCancer-mock.release.xcconfig */,
			);
			name = Pods;
			path = Pods;
			sourceTree = "<group>";
		};
		70859B6E235B168800628DFC = {
			isa = PBXGroup;
			children = (
				70859B79235B168800628DFC /* DHCCancer */,
				70859B78235B168800628DFC /* Products */,
				61D4FF6FD8DA958B8C6F4EB2 /* Pods */,
				F1E0258D1AEA33D98665FAE6 /* Frameworks */,
			);
			sourceTree = "<group>";
		};
		70859B78235B168800628DFC /* Products */ = {
			isa = PBXGroup;
			children = (
				70859B77235B168800628DFC /* DHCCancer.app */,
				70859B98235B1C9600628DFC /* DHCCancer-mock.app */,
			);
			name = Products;
			sourceTree = "<group>";
		};
		70859B79235B168800628DFC /* DHCCancer */ = {
			isa = PBXGroup;
			children = (
				70859B7A235B168800628DFC /* AppDelegate.swift */,
				70859B83235B168900628DFC /* Assets.xcassets */,
				70859B85235B168900628DFC /* LaunchScreen.storyboard */,
				70859B88235B168900628DFC /* Info.plist */,
			);
			path = DHCCancer;
			sourceTree = "<group>";
		};
		F1E0258D1AEA33D98665FAE6 /* Frameworks */ = {
			isa = PBXGroup;
			children = (
				C5955B669A6395C4BEEBDF19 /* Pods_DHCCancer.framework */,
				AFBF877A516CB8CE808F1BE3 /* Pods_DHCCancer_mock.framework */,
			);
			name = Frameworks;
			sourceTree = "<group>";
		};
/* End PBXGroup section */

/* Begin PBXNativeTarget section */
		70859B76235B168800628DFC /* DHCCancer */ = {
			isa = PBXNativeTarget;
			buildConfigurationList = 70859B8B235B168900628DFC /* Build configuration list for PBXNativeTarget "DHCCancer" */;
			buildPhases = (
				DA56C576DBE497CFC1007606 /* [CP] Check Pods Manifest.lock */,
				70859B73235B168800628DFC /* Sources */,
				70859B74235B168800628DFC /* Frameworks */,
				70859B75235B168800628DFC /* Resources */,
				6987ADDF87667BC0668F2F32 /* [CP] Embed Pods Frameworks */,
			);
			buildRules = (
			);
			dependencies = (
			);
			name = DHCCancer;
			productName = DHCCancer;
			productReference = 70859B77235B168800628DFC /* DHCCancer.app */;
			productType = "com.apple.product-type.application";
		};
		70859B8E235B1C9600628DFC /* DHCCancer-mock */ = {
			isa = PBXNativeTarget;
			buildConfigurationList = 70859B95235B1C9600628DFC /* Build configuration list for PBXNativeTarget "DHCCancer-mock" */;
			buildPhases = (
				FA94F2D7C392DA69CC5780D3 /* [CP] Check Pods Manifest.lock */,
				70859B8F235B1C9600628DFC /* Sources */,
				70859B91235B1C9600628DFC /* Frameworks */,
				70859B92235B1C9600628DFC /* Resources */,
				202917EDE34E69BCD6270949 /* [CP] Embed Pods Frameworks */,
			);
			buildRules = (
			);
			dependencies = (
			);
			name = "DHCCancer-mock";
			productName = DHCCancer;
			productReference = 70859B98235B1C9600628DFC /* DHCCancer-mock.app */;
			productType = "com.apple.product-type.application";
		};
/* End PBXNativeTarget section */

/* Begin PBXProject section */
		70859B6F235B168800628DFC /* Project object */ = {
			isa = PBXProject;
			attributes = {
				LastSwiftUpdateCheck = 1110;
				LastUpgradeCheck = 1110;
				ORGANIZATIONNAME = "Drukka Digitals";
				TargetAttributes = {
					70859B76235B168800628DFC = {
						CreatedOnToolsVersion = 11.1;
					};
				};
			};
			buildConfigurationList = 70859B72235B168800628DFC /* Build configuration list for PBXProject "DHCCancer" */;
			compatibilityVersion = "Xcode 9.3";
			developmentRegion = en;
			hasScannedForEncodings = 0;
			knownRegions = (
				en,
				Base,
			);
			mainGroup = 70859B6E235B168800628DFC;
			productRefGroup = 70859B78235B168800628DFC /* Products */;
			projectDirPath = "";
			projectRoot = "";
			targets = (
				70859B76235B168800628DFC /* DHCCancer */,
				70859B8E235B1C9600628DFC /* DHCCancer-mock */,
			);
		};
/* End PBXProject section */

/* Begin PBXResourcesBuildPhase section */
		70859B75235B168800628DFC /* Resources */ = {
			isa = PBXResourcesBuildPhase;
			buildActionMask = 2147483647;
			files = (
				70859B87235B168900628DFC /* LaunchScreen.storyboard in Resources */,
				70859B84235B168900628DFC /* Assets.xcassets in Resources */,
			);
			runOnlyForDeploymentPostprocessing = 0;
		};
		70859B92235B1C9600628DFC /* Resources */ = {
			isa = PBXResourcesBuildPhase;
			buildActionMask = 2147483647;
			files = (
				70859B93235B1C9600628DFC /* LaunchScreen.storyboard in Resources */,
				70859B94235B1C9600628DFC /* Assets.xcassets in Resources */,
			);
			runOnlyForDeploymentPostprocessing = 0;
		};
/* End PBXResourcesBuildPhase section */

/* Begin PBXShellScriptBuildPhase section */
		202917EDE34E69BCD6270949 /* [CP] Embed Pods Frameworks */ = {
			isa = PBXShellScriptBuildPhase;
			buildActionMask = 2147483647;
			files = (
			);
			inputFileListPaths = (
				"${PODS_ROOT}/Target Support Files/Pods-DHCCancer-mock/Pods-DHCCancer-mock-frameworks-${CONFIGURATION}-input-files.xcfilelist",
			);
			name = "[CP] Embed Pods Frameworks";
			outputFileListPaths = (
				"${PODS_ROOT}/Target Support Files/Pods-DHCCancer-mock/Pods-DHCCancer-mock-frameworks-${CONFIGURATION}-output-files.xcfilelist",
			);
			runOnlyForDeploymentPostprocessing = 0;
			shellPath = /bin/sh;
			shellScript = "\"${PODS_ROOT}/Target Support Files/Pods-DHCCancer-mock/Pods-DHCCancer-mock-frameworks.sh\"\n";
			showEnvVarsInLog = 0;
		};
		6987ADDF87667BC0668F2F32 /* [CP] Embed Pods Frameworks */ = {
			isa = PBXShellScriptBuildPhase;
			buildActionMask = 2147483647;
			files = (
			);
			inputFileListPaths = (
				"${PODS_ROOT}/Target Support Files/Pods-DHCCancer/Pods-DHCCancer-frameworks-${CONFIGURATION}-input-files.xcfilelist",
			);
			name = "[CP] Embed Pods Frameworks";
			outputFileListPaths = (
				"${PODS_ROOT}/Target Support Files/Pods-DHCCancer/Pods-DHCCancer-frameworks-${CONFIGURATION}-output-files.xcfilelist",
			);
			runOnlyForDeploymentPostprocessing = 0;
			shellPath = /bin/sh;
			shellScript = "\"${PODS_ROOT}/Target Support Files/Pods-DHCCancer/Pods-DHCCancer-frameworks.sh\"\n";
			showEnvVarsInLog = 0;
		};
		DA56C576DBE497CFC1007606 /* [CP] Check Pods Manifest.lock */ = {
			isa = PBXShellScriptBuildPhase;
			buildActionMask = 2147483647;
			files = (
			);
			inputFileListPaths = (
			);
			inputPaths = (
				"${PODS_PODFILE_DIR_PATH}/Podfile.lock",
				"${PODS_ROOT}/Manifest.lock",
			);
			name = "[CP] Check Pods Manifest.lock";
			outputFileListPaths = (
			);
			outputPaths = (
				"$(DERIVED_FILE_DIR)/Pods-DHCCancer-checkManifestLockResult.txt",
			);
			runOnlyForDeploymentPostprocessing = 0;
			shellPath = /bin/sh;
			shellScript = "diff \"${PODS_PODFILE_DIR_PATH}/Podfile.lock\" \"${PODS_ROOT}/Manifest.lock\" > /dev/null\nif [ $? != 0 ] ; then\n    # print error to STDERR\n    echo \"error: The sandbox is not in sync with the Podfile.lock. Run 'pod install' or update your CocoaPods installation.\" >&2\n    exit 1\nfi\n# This output is used by Xcode 'outputs' to avoid re-running this script phase.\necho \"SUCCESS\" > \"${SCRIPT_OUTPUT_FILE_0}\"\n";
			showEnvVarsInLog = 0;
		};
		FA94F2D7C392DA69CC5780D3 /* [CP] Check Pods Manifest.lock */ = {
			isa = PBXShellScriptBuildPhase;
			buildActionMask = 2147483647;
			files = (
			);
			inputFileListPaths = (
			);
			inputPaths = (
				"${PODS_PODFILE_DIR_PATH}/Podfile.lock",
				"${PODS_ROOT}/Manifest.lock",
			);
			name = "[CP] Check Pods Manifest.lock";
			outputFileListPaths = (
			);
			outputPaths = (
				"$(DERIVED_FILE_DIR)/Pods-DHCCancer-mock-checkManifestLockResult.txt",
			);
			runOnlyForDeploymentPostprocessing = 0;
			shellPath = /bin/sh;
			shellScript = "diff \"${PODS_PODFILE_DIR_PATH}/Podfile.lock\" \"${PODS_ROOT}/Manifest.lock\" > /dev/null\nif [ $? != 0 ] ; then\n    # print error to STDERR\n    echo \"error: The sandbox is not in sync with the Podfile.lock. Run 'pod install' or update your CocoaPods installation.\" >&2\n    exit 1\nfi\n# This output is used by Xcode 'outputs' to avoid re-running this script phase.\necho \"SUCCESS\" > \"${SCRIPT_OUTPUT_FILE_0}\"\n";
			showEnvVarsInLog = 0;
		};
/* End PBXShellScriptBuildPhase section */

/* Begin PBXSourcesBuildPhase section */
		70859B73235B168800628DFC /* Sources */ = {
			isa = PBXSourcesBuildPhase;
			buildActionMask = 2147483647;
			files = (
				70859B7B235B168800628DFC /* AppDelegate.swift in Sources */,
			);
			runOnlyForDeploymentPostprocessing = 0;
		};
		70859B8F235B1C9600628DFC /* Sources */ = {
			isa = PBXSourcesBuildPhase;
			buildActionMask = 2147483647;
			files = (
				70859B90235B1C9600628DFC /* AppDelegate.swift in Sources */,
			);
			runOnlyForDeploymentPostprocessing = 0;
		};
/* End PBXSourcesBuildPhase section */

/* Begin PBXVariantGroup section */
		70859B85235B168900628DFC /* LaunchScreen.storyboard */ = {
			isa = PBXVariantGroup;
			children = (
				70859B86235B168900628DFC /* Base */,
			);
			name = LaunchScreen.storyboard;
			sourceTree = "<group>";
		};
/* End PBXVariantGroup section */

/* Begin XCBuildConfiguration section */
		70859B89235B168900628DFC /* Debug */ = {
			isa = XCBuildConfiguration;
			buildSettings = {
				ALWAYS_SEARCH_USER_PATHS = NO;
				CLANG_ANALYZER_NONNULL = YES;
				CLANG_ANALYZER_NUMBER_OBJECT_CONVERSION = YES_AGGRESSIVE;
				CLANG_CXX_LANGUAGE_STANDARD = "gnu++14";
				CLANG_CXX_LIBRARY = "libc++";
				CLANG_ENABLE_MODULES = YES;
				CLANG_ENABLE_OBJC_ARC = YES;
				CLANG_ENABLE_OBJC_WEAK = YES;
				CLANG_WARN_BLOCK_CAPTURE_AUTORELEASING = YES;
				CLANG_WARN_BOOL_CONVERSION = YES;
				CLANG_WARN_COMMA = YES;
				CLANG_WARN_CONSTANT_CONVERSION = YES;
				CLANG_WARN_DEPRECATED_OBJC_IMPLEMENTATIONS = YES;
				CLANG_WARN_DIRECT_OBJC_ISA_USAGE = YES_ERROR;
				CLANG_WARN_DOCUMENTATION_COMMENTS = YES;
				CLANG_WARN_EMPTY_BODY = YES;
				CLANG_WARN_ENUM_CONVERSION = YES;
				CLANG_WARN_INFINITE_RECURSION = YES;
				CLANG_WARN_INT_CONVERSION = YES;
				CLANG_WARN_NON_LITERAL_NULL_CONVERSION = YES;
				CLANG_WARN_OBJC_IMPLICIT_RETAIN_SELF = YES;
				CLANG_WARN_OBJC_LITERAL_CONVERSION = YES;
				CLANG_WARN_OBJC_ROOT_CLASS = YES_ERROR;
				CLANG_WARN_RANGE_LOOP_ANALYSIS = YES;
				CLANG_WARN_STRICT_PROTOTYPES = YES;
				CLANG_WARN_SUSPICIOUS_MOVE = YES;
				CLANG_WARN_UNGUARDED_AVAILABILITY = YES_AGGRESSIVE;
				CLANG_WARN_UNREACHABLE_CODE = YES;
				CLANG_WARN__DUPLICATE_METHOD_MATCH = YES;
				COPY_PHASE_STRIP = NO;
				DEBUG_INFORMATION_FORMAT = dwarf;
				ENABLE_STRICT_OBJC_MSGSEND = YES;
				ENABLE_TESTABILITY = YES;
				GCC_C_LANGUAGE_STANDARD = gnu11;
				GCC_DYNAMIC_NO_PIC = NO;
				GCC_NO_COMMON_BLOCKS = YES;
				GCC_OPTIMIZATION_LEVEL = 0;
				GCC_PREPROCESSOR_DEFINITIONS = (
					"DEBUG=1",
					"$(inherited)",
				);
				GCC_WARN_64_TO_32_BIT_CONVERSION = YES;
				GCC_WARN_ABOUT_RETURN_TYPE = YES_ERROR;
				GCC_WARN_UNDECLARED_SELECTOR = YES;
				GCC_WARN_UNINITIALIZED_AUTOS = YES_AGGRESSIVE;
				GCC_WARN_UNUSED_FUNCTION = YES;
				GCC_WARN_UNUSED_VARIABLE = YES;
				IPHONEOS_DEPLOYMENT_TARGET = 12.0;
				MTL_ENABLE_DEBUG_INFO = INCLUDE_SOURCE;
				MTL_FAST_MATH = YES;
				ONLY_ACTIVE_ARCH = YES;
				SDKROOT = iphoneos;
				SWIFT_ACTIVE_COMPILATION_CONDITIONS = DEBUG;
				SWIFT_OPTIMIZATION_LEVEL = "-Onone";
			};
			name = Debug;
		};
		70859B8A235B168900628DFC /* Release */ = {
			isa = XCBuildConfiguration;
			buildSettings = {
				ALWAYS_SEARCH_USER_PATHS = NO;
				CLANG_ANALYZER_NONNULL = YES;
				CLANG_ANALYZER_NUMBER_OBJECT_CONVERSION = YES_AGGRESSIVE;
				CLANG_CXX_LANGUAGE_STANDARD = "gnu++14";
				CLANG_CXX_LIBRARY = "libc++";
				CLANG_ENABLE_MODULES = YES;
				CLANG_ENABLE_OBJC_ARC = YES;
				CLANG_ENABLE_OBJC_WEAK = YES;
				CLANG_WARN_BLOCK_CAPTURE_AUTORELEASING = YES;
				CLANG_WARN_BOOL_CONVERSION = YES;
				CLANG_WARN_COMMA = YES;
				CLANG_WARN_CONSTANT_CONVERSION = YES;
				CLANG_WARN_DEPRECATED_OBJC_IMPLEMENTATIONS = YES;
				CLANG_WARN_DIRECT_OBJC_ISA_USAGE = YES_ERROR;
				CLANG_WARN_DOCUMENTATION_COMMENTS = YES;
				CLANG_WARN_EMPTY_BODY = YES;
				CLANG_WARN_ENUM_CONVERSION = YES;
				CLANG_WARN_INFINITE_RECURSION = YES;
				CLANG_WARN_INT_CONVERSION = YES;
				CLANG_WARN_NON_LITERAL_NULL_CONVERSION = YES;
				CLANG_WARN_OBJC_IMPLICIT_RETAIN_SELF = YES;
				CLANG_WARN_OBJC_LITERAL_CONVERSION = YES;
				CLANG_WARN_OBJC_ROOT_CLASS = YES_ERROR;
				CLANG_WARN_RANGE_LOOP_ANALYSIS = YES;
				CLANG_WARN_STRICT_PROTOTYPES = YES;
				CLANG_WARN_SUSPICIOUS_MOVE = YES;
				CLANG_WARN_UNGUARDED_AVAILABILITY = YES_AGGRESSIVE;
				CLANG_WARN_UNREACHABLE_CODE = YES;
				CLANG_WARN__DUPLICATE_METHOD_MATCH = YES;
				COPY_PHASE_STRIP = NO;
				DEBUG_INFORMATION_FORMAT = "dwarf-with-dsym";
				ENABLE_NS_ASSERTIONS = NO;
				ENABLE_STRICT_OBJC_MSGSEND = YES;
				GCC_C_LANGUAGE_STANDARD = gnu11;
				GCC_NO_COMMON_BLOCKS = YES;
				GCC_WARN_64_TO_32_BIT_CONVERSION = YES;
				GCC_WARN_ABOUT_RETURN_TYPE = YES_ERROR;
				GCC_WARN_UNDECLARED_SELECTOR = YES;
				GCC_WARN_UNINITIALIZED_AUTOS = YES_AGGRESSIVE;
				GCC_WARN_UNUSED_FUNCTION = YES;
				GCC_WARN_UNUSED_VARIABLE = YES;
				IPHONEOS_DEPLOYMENT_TARGET = 12.0;
				MTL_ENABLE_DEBUG_INFO = NO;
				MTL_FAST_MATH = YES;
				SDKROOT = iphoneos;
				SWIFT_COMPILATION_MODE = wholemodule;
				SWIFT_OPTIMIZATION_LEVEL = "-O";
				VALIDATE_PRODUCT = YES;
			};
			name = Release;
		};
		70859B8C235B168900628DFC /* Debug */ = {
			isa = XCBuildConfiguration;
			baseConfigurationReference = EAB5995B3BB3C51684048EAC /* Pods-DHCCancer.debug.xcconfig */;
			buildSettings = {
				ASSETCATALOG_COMPILER_APPICON_NAME = AppIcon;
				CODE_SIGN_STYLE = Automatic;
				DEVELOPMENT_TEAM = 3NKATU7J47;
				INFOPLIST_FILE = DHCCancer/Info.plist;
				IPHONEOS_DEPLOYMENT_TARGET = 12.0;
				LD_RUNPATH_SEARCH_PATHS = (
					"$(inherited)",
					"@executable_path/Frameworks",
				);
				PRODUCT_BUNDLE_IDENTIFIER = com.drukkadigitals.dev.ios.DHCCancer;
				PRODUCT_NAME = "$(TARGET_NAME)";
				SWIFT_VERSION = 5.0;
				TARGETED_DEVICE_FAMILY = 1;
			};
			name = Debug;
		};
		70859B8D235B168900628DFC /* Release */ = {
			isa = XCBuildConfiguration;
			baseConfigurationReference = 5F0FE5E8A488E521DF464F4D /* Pods-DHCCancer.release.xcconfig */;
			buildSettings = {
				ASSETCATALOG_COMPILER_APPICON_NAME = AppIcon;
				CODE_SIGN_STYLE = Automatic;
				DEVELOPMENT_TEAM = 3NKATU7J47;
				INFOPLIST_FILE = DHCCancer/Info.plist;
				IPHONEOS_DEPLOYMENT_TARGET = 12.0;
				LD_RUNPATH_SEARCH_PATHS = (
					"$(inherited)",
					"@executable_path/Frameworks",
				);
				PRODUCT_BUNDLE_IDENTIFIER = com.drukkadigitals.dev.ios.DHCCancer;
				PRODUCT_NAME = "$(TARGET_NAME)";
				SWIFT_VERSION = 5.0;
				TARGETED_DEVICE_FAMILY = 1;
			};
			name = Release;
		};
		70859B96235B1C9600628DFC /* Debug */ = {
			isa = XCBuildConfiguration;
			baseConfigurationReference = 0CDBEBE5276D6DB6CEFD85F6 /* Pods-DHCCancer-mock.debug.xcconfig */;
			buildSettings = {
				ASSETCATALOG_COMPILER_APPICON_NAME = AppIcon;
				CODE_SIGN_STYLE = Automatic;
				DEVELOPMENT_TEAM = 3NKATU7J47;
				INFOPLIST_FILE = DHCCancer/Info.plist;
				IPHONEOS_DEPLOYMENT_TARGET = 12.0;
				LD_RUNPATH_SEARCH_PATHS = (
					"$(inherited)",
					"@executable_path/Frameworks",
				);
				PRODUCT_BUNDLE_IDENTIFIER = com.drukkadigitals.dev.ios.DHCCancer;
				PRODUCT_NAME = "$(TARGET_NAME)";
				SWIFT_ACTIVE_COMPILATION_CONDITIONS = "DEBUG MOCK";
				SWIFT_VERSION = 5.0;
				TARGETED_DEVICE_FAMILY = 1;
			};
			name = Debug;
		};
		70859B97235B1C9600628DFC /* Release */ = {
			isa = XCBuildConfiguration;
			baseConfigurationReference = 7C2DA47C687ED737044C633A /* Pods-DHCCancer-mock.release.xcconfig */;
			buildSettings = {
				ASSETCATALOG_COMPILER_APPICON_NAME = AppIcon;
				CODE_SIGN_STYLE = Automatic;
				DEVELOPMENT_TEAM = 3NKATU7J47;
				INFOPLIST_FILE = DHCCancer/Info.plist;
				IPHONEOS_DEPLOYMENT_TARGET = 12.0;
				LD_RUNPATH_SEARCH_PATHS = (
					"$(inherited)",
					"@executable_path/Frameworks",
				);
				PRODUCT_BUNDLE_IDENTIFIER = com.drukkadigitals.dev.ios.DHCCancer;
				PRODUCT_NAME = "$(TARGET_NAME)";
				SWIFT_VERSION = 5.0;
				TARGETED_DEVICE_FAMILY = 1;
			};
			name = Release;
		};
/* End XCBuildConfiguration section */

/* Begin XCConfigurationList section */
		70859B72235B168800628DFC /* Build configuration list for PBXProject "DHCCancer" */ = {
			isa = XCConfigurationList;
			buildConfigurations = (
				70859B89235B168900628DFC /* Debug */,
				70859B8A235B168900628DFC /* Release */,
			);
			defaultConfigurationIsVisible = 0;
			defaultConfigurationName = Release;
		};
		70859B8B235B168900628DFC /* Build configuration list for PBXNativeTarget "DHCCancer" */ = {
			isa = XCConfigurationList;
			buildConfigurations = (
				70859B8C235B168900628DFC /* Debug */,
				70859B8D235B168900628DFC /* Release */,
			);
			defaultConfigurationIsVisible = 0;
			defaultConfigurationName = Release;
		};
		70859B95235B1C9600628DFC /* Build configuration list for PBXNativeTarget "DHCCancer-mock" */ = {
			isa = XCConfigurationList;
			buildConfigurations = (
				70859B96235B1C9600628DFC /* Debug */,
				70859B97235B1C9600628DFC /* Release */,
			);
			defaultConfigurationIsVisible = 0;
			defaultConfigurationName = Release;
		};
/* End XCConfigurationList section */
	};
	rootObject = 70859B6F235B168800628DFC /* Project object */;
}
